
Microsoft Visual Studio Solution File, Format Version 12.00
# Visual Studio 14
VisualStudioVersion = 14.0.25420.1
MinimumVisualStudioVersion = 10.0.40219.1
Project("{FAE04EC0-301F-11D3-BF4B-00C04F79EFBC}") = "LinqToGraphQL", "LinqToGraphQL\LinqToGraphQL.csproj", "{42469D40-7485-4697-839E-493D89529EC6}"
EndProject
Project("{FAE04EC0-301F-11D3-BF4B-00C04F79EFBC}") = "Octoqit", "Octoqit\Octoqit.csproj", "{2FCBDD5E-C3AB-418D-8538-5EB79740D508}"
EndProject
Project("{FAE04EC0-301F-11D3-BF4B-00C04F79EFBC}") = "LinqToGraphQL.UnitTests", "LinqToGraphQL.UnitTests\LinqToGraphQL.UnitTests.csproj", "{016C72DC-1A99-4A3E-B2F1-0CABC5CBA946}"
EndProject
Project("{FAE04EC0-301F-11D3-BF4B-00C04F79EFBC}") = "GraphQLParser.Net452", "submodules\parser\src\GraphQLParser\GraphQLParser.Net452.csproj", "{EF6BB3FA-763E-45F0-B5D9-3CEA0B46F33B}"
EndProject
Global
	GlobalSection(SolutionConfigurationPlatforms) = preSolution
		Debug|Any CPU = Debug|Any CPU
		Release|Any CPU = Release|Any CPU
	EndGlobalSection
	GlobalSection(ProjectConfigurationPlatforms) = postSolution
		{42469D40-7485-4697-839E-493D89529EC6}.Debug|Any CPU.ActiveCfg = Debug|Any CPU
		{42469D40-7485-4697-839E-493D89529EC6}.Debug|Any CPU.Build.0 = Debug|Any CPU
		{42469D40-7485-4697-839E-493D89529EC6}.Release|Any CPU.ActiveCfg = Release|Any CPU
		{42469D40-7485-4697-839E-493D89529EC6}.Release|Any CPU.Build.0 = Release|Any CPU
		{2FCBDD5E-C3AB-418D-8538-5EB79740D508}.Debug|Any CPU.ActiveCfg = Debug|Any CPU
		{2FCBDD5E-C3AB-418D-8538-5EB79740D508}.Debug|Any CPU.Build.0 = Debug|Any CPU
		{2FCBDD5E-C3AB-418D-8538-5EB79740D508}.Release|Any CPU.ActiveCfg = Release|Any CPU
		{2FCBDD5E-C3AB-418D-8538-5EB79740D508}.Release|Any CPU.Build.0 = Release|Any CPU
		{016C72DC-1A99-4A3E-B2F1-0CABC5CBA946}.Debug|Any CPU.ActiveCfg = Debug|Any CPU
		{016C72DC-1A99-4A3E-B2F1-0CABC5CBA946}.Debug|Any CPU.Build.0 = Debug|Any CPU
		{016C72DC-1A99-4A3E-B2F1-0CABC5CBA946}.Release|Any CPU.ActiveCfg = Release|Any CPU
		{016C72DC-1A99-4A3E-B2F1-0CABC5CBA946}.Release|Any CPU.Build.0 = Release|Any CPU
		{EF6BB3FA-763E-45F0-B5D9-3CEA0B46F33B}.Debug|Any CPU.ActiveCfg = Debug|Any CPU
		{EF6BB3FA-763E-45F0-B5D9-3CEA0B46F33B}.Debug|Any CPU.Build.0 = Debug|Any CPU
		{EF6BB3FA-763E-45F0-B5D9-3CEA0B46F33B}.Release|Any CPU.ActiveCfg = Release|Any CPU
		{EF6BB3FA-763E-45F0-B5D9-3CEA0B46F33B}.Release|Any CPU.Build.0 = Release|Any CPU
	EndGlobalSection
	GlobalSection(SolutionProperties) = preSolution
		HideSolutionNode = FALSE
	EndGlobalSection
EndGlobal
